<Solution>
  <Folder Name="/src/">
    <Project Path="Api/Api.csproj" Id="fd42e47a-4fbc-4c68-8fc9-da9c62c26411" />
    <Project Path="Application/Application.csproj" Id="64c435ce-66e5-47a3-9ab7-fd41ad659378" />
    <Project Path="Domain/Domain.csproj" Id="21cc58c6-cddd-4e41-af9d-00ec33da3e33" />
    <Project Path="Infrastructure/Infrastructure.csproj" Id="3dd02291-abcc-46cb-9383-ffdeea415b12" />
  </Folder>
  <Folder Name="/test/" />
</Solution>
